
Microsoft Visual Studio Solution File, Format Version 12.00
# Visual Studio Version 17
VisualStudioVersion = 17.14.36518.9
MinimumVisualStudioVersion = 10.0.40219.1
Project("{FAE04EC0-301F-11D3-BF4B-00C04F79EFBC}") = "ChatbotLib", "ChatbotLib\ChatbotLib.csproj", "{97A43D7D-5D84-46CF-957B-15E48F50F31F}"
EndProject
Project("{2150E333-8FDC-42A3-9474-1A3956D46DE8}") = "Tests", "Tests", "{36D591C7-65C7-A0D1-1CBC-10CDE441BDC8}"
EndProject
Project("{FAE04EC0-301F-11D3-BF4B-00C04F79EFBC}") = "ChatbotLib.Tests", "ChatbotLib.Tests\ChatbotLib.Tests.csproj", "{537B917A-64A4-4381-AC87-DA8CF81A0B36}"
EndProject
Project("{FAE04EC0-301F-11D3-BF4B-00C04F79EFBC}") = "ChatbotGui.QANEditor", "ChatbotGui.QANEditor\ChatbotGui.QANEditor.csproj", "{BFE1F7F2-0438-446B-BAB3-B2E743D7AAB3}"
EndProject
Project("{FAE04EC0-301F-11D3-BF4B-00C04F79EFBC}") = "ChatbotGui.Chat", "ChatbotGui.Chat\ChatbotGui.Chat.csproj", "{534EADDE-7E40-4392-B0A4-089C3D13AC24}"
EndProject
Global
	GlobalSection(SolutionConfigurationPlatforms) = preSolution
		Debug|Any CPU = Debug|Any CPU
		Release|Any CPU = Release|Any CPU
	EndGlobalSection
	GlobalSection(ProjectConfigurationPlatforms) = postSolution
		{97A43D7D-5D84-46CF-957B-15E48F50F31F}.Debug|Any CPU.ActiveCfg = Debug|Any CPU
		{97A43D7D-5D84-46CF-957B-15E48F50F31F}.Debug|Any CPU.Build.0 = Debug|Any CPU
		{97A43D7D-5D84-46CF-957B-15E48F50F31F}.Release|Any CPU.ActiveCfg = Release|Any CPU
		{97A43D7D-5D84-46CF-957B-15E48F50F31F}.Release|Any CPU.Build.0 = Release|Any CPU
		{537B917A-64A4-4381-AC87-DA8CF81A0B36}.Debug|Any CPU.ActiveCfg = Debug|Any CPU
		{537B917A-64A4-4381-AC87-DA8CF81A0B36}.Debug|Any CPU.Build.0 = Debug|Any CPU
		{537B917A-64A4-4381-AC87-DA8CF81A0B36}.Release|Any CPU.ActiveCfg = Release|Any CPU
		{537B917A-64A4-4381-AC87-DA8CF81A0B36}.Release|Any CPU.Build.0 = Release|Any CPU
		{BFE1F7F2-0438-446B-BAB3-B2E743D7AAB3}.Debug|Any CPU.ActiveCfg = Debug|Any CPU
		{BFE1F7F2-0438-446B-BAB3-B2E743D7AAB3}.Debug|Any CPU.Build.0 = Debug|Any CPU
		{BFE1F7F2-0438-446B-BAB3-B2E743D7AAB3}.Release|Any CPU.ActiveCfg = Release|Any CPU
		{BFE1F7F2-0438-446B-BAB3-B2E743D7AAB3}.Release|Any CPU.Build.0 = Release|Any CPU
		{534EADDE-7E40-4392-B0A4-089C3D13AC24}.Debug|Any CPU.ActiveCfg = Debug|Any CPU
		{534EADDE-7E40-4392-B0A4-089C3D13AC24}.Debug|Any CPU.Build.0 = Debug|Any CPU
		{534EADDE-7E40-4392-B0A4-089C3D13AC24}.Release|Any CPU.ActiveCfg = Release|Any CPU
		{534EADDE-7E40-4392-B0A4-089C3D13AC24}.Release|Any CPU.Build.0 = Release|Any CPU
	EndGlobalSection
	GlobalSection(SolutionProperties) = preSolution
		HideSolutionNode = FALSE
	EndGlobalSection
	GlobalSection(NestedProjects) = preSolution
		{537B917A-64A4-4381-AC87-DA8CF81A0B36} = {36D591C7-65C7-A0D1-1CBC-10CDE441BDC8}
	EndGlobalSection
	GlobalSection(ExtensibilityGlobals) = postSolution
		SolutionGuid = {E159E204-7BF1-4363-B84C-75453293A147}
	EndGlobalSection
EndGlobal
